<?xml version="1.0" encoding="utf-8"?>
<Project ToolsVersion="4.0" xmlns="http://schemas.microsoft.com/developer/msbuild/2003">
  <ItemGroup>
    <Filter Include="Source Files">
      <UniqueIdentifier>{4FC737F1-C7A5-4376-A066-2A32D752A2FF}</UniqueIdentifier>
      <Extensions>cpp;c;cc;cxx;c++;cppm;ixx;def;odl;idl;hpj;bat;asm;asmx</Extensions>
    </Filter>
    <Filter Include="Header Files">
      <UniqueIdentifier>{93995380-89BD-4b04-88EB-625FBE52EBFB}</UniqueIdentifier>
      <Extensions>h;hh;hpp;hxx;h++;hm;inl;inc;ipp;xsd</Extensions>
    </Filter>
    <Filter Include="Resource Files">
      <UniqueIdentifier>{67DA6AB6-F800-4c08-8B7A-83BB121AAD01}</UniqueIdentifier>
      <Extensions>rc;ico;cur;bmp;dlg;rc2;rct;bin;rgs;gif;jpg;jpeg;jpe;resx;tiff;tif;png;wav;mfcribbon-ms</Extensions>
    </Filter>
  </ItemGroup>
  <ItemGroup>
    <ClCompile Include="src\MainProg.cpp">
      <Filter>Source Files</Filter>
    </ClCompile>
    <ClCompile Include="src\source\CANIMAL.cpp">
      <Filter>Source Files</Filter>
    </ClCompile>
    <ClCompile Include="src\source\CBLUEWING.cpp">
      <Filter>Source Files</Filter>
    </ClCompile>
    <ClCompile Include="src\source\CFont.cpp">
      <Filter>Source Files</Filter>
    </ClCompile>
    <ClCompile Include="src\source\CGAME.cpp">
      <Filter>Source Files</Filter>
    </ClCompile>
    <ClCompile Include="src\source\CGLEAMEYES.cpp">
      <Filter>Source Files</Filter>
    </ClCompile>
    <ClCompile Include="src\source\CHEATHCLIFF.cpp">
      <Filter>Source Files</Filter>
    </ClCompile>
    <ClCompile Include="src\source\CICEDRAGON.cpp">
      <Filter>Source Files</Filter>
    </ClCompile>
    <ClCompile Include="src\source\CILLFANG.cpp">
      <Filter>Source Files</Filter>
    </ClCompile>
    <ClCompile Include="src\source\CPEOPLE.cpp">
      <Filter>Source Files</Filter>
    </ClCompile>
    <ClCompile Include="src\source\CSKYARMOR.cpp">
      <Filter>Source Files</Filter>
    </ClCompile>
    <ClCompile Include="src\source\CVEHICLE.cpp">
      <Filter>Source Files</Filter>
    </ClCompile>
  </ItemGroup>
  <ItemGroup>
    <ClInclude Include="src\include\CANIMAL.h">
      <Filter>Header Files</Filter>
    </ClInclude>
    <ClInclude Include="src\include\CBLUEWING.h">
      <Filter>Header Files</Filter>
    </ClInclude>
    <ClInclude Include="src\include\CFont.h">
      <Filter>Header Files</Filter>
    </ClInclude>
    <ClInclude Include="src\include\CGAME.h">
      <Filter>Header Files</Filter>
    </ClInclude>
    <ClInclude Include="src\include\CGLEAMEYES.h">
      <Filter>Header Files</Filter>
    </ClInclude>
    <ClInclude Include="src\include\CHEATHCLIFF.h">
      <Filter>Header Files</Filter>
    </ClInclude>
    <ClInclude Include="src\include\CICEDRAGON.h">
      <Filter>Header Files</Filter>
    </ClInclude>
    <ClInclude Include="src\include\CILLFANG.h">
      <Filter>Header Files</Filter>
    </ClInclude>
    <ClInclude Include="src\include\CPEOPLE.h">
      <Filter>Header Files</Filter>
    </ClInclude>
    <ClInclude Include="src\include\CSKYARMOR.h">
      <Filter>Header Files</Filter>
    </ClInclude>
    <ClInclude Include="src\include\CVEHICLE.h">
      <Filter>Header Files</Filter>
    </ClInclude>
  </ItemGroup>
</Project>
